
Microsoft Visual Studio Solution File, Format Version 12.00
# Visual Studio Version 16
VisualStudioVersion = 16.0.31911.196
MinimumVisualStudioVersion = 10.0.40219.1
Project("{FAE04EC0-301F-11D3-BF4B-00C04F79EFBC}") = "Curd", "Curd\Curd.csproj", "{3C8676EE-F013-49BB-8811-0EABCCC618EE}"
EndProject
Global
	GlobalSection(SolutionConfigurationPlatforms) = preSolution
		Debug|Any CPU = Debug|Any CPU
		Release|Any CPU = Release|Any CPU
	EndGlobalSection
	GlobalSection(ProjectConfigurationPlatforms) = postSolution
		{3C8676EE-F013-49BB-8811-0EABCCC618EE}.Debug|Any CPU.ActiveCfg = Debug|Any CPU
		{3C8676EE-F013-49BB-8811-0EABCCC618EE}.Debug|Any CPU.Build.0 = Debug|Any CPU
		{3C8676EE-F013-49BB-8811-0EABCCC618EE}.Release|Any CPU.ActiveCfg = Release|Any CPU
		{3C8676EE-F013-49BB-8811-0EABCCC618EE}.Release|Any CPU.Build.0 = Release|Any CPU
	EndGlobalSection
	GlobalSection(SolutionProperties) = preSolution
		HideSolutionNode = FALSE
	EndGlobalSection
	GlobalSection(ExtensibilityGlobals) = postSolution
		SolutionGuid = {A187ED91-7B64-4B59-B1B8-6CB437A87C1F}
	EndGlobalSection
EndGlobal
